// !$*UTF8*$!
{
	archiveVersion = 1;
	classes = {
	};
	objectVersion = 55;
	objects = {

/* Begin PBXBuildFile section */
		822B90FC28351BB900A4BAFE /* AppDelegate.swift in Sources */ = {isa = PBXBuildFile; fileRef = 822B90FB28351BB900A4BAFE /* AppDelegate.swift */; };
		822B90FE28351BB900A4BAFE /* SceneDelegate.swift in Sources */ = {isa = PBXBuildFile; fileRef = 822B90FD28351BB900A4BAFE /* SceneDelegate.swift */; };
		822B910028351BB900A4BAFE /* ViewController.swift in Sources */ = {isa = PBXBuildFile; fileRef = 822B90FF28351BB900A4BAFE /* ViewController.swift */; };
		822B910328351BB900A4BAFE /* Main.storyboard in Resources */ = {isa = PBXBuildFile; fileRef = 822B910128351BB900A4BAFE /* Main.storyboard */; };
		822B910528351BBB00A4BAFE /* Assets.xcassets in Resources */ = {isa = PBXBuildFile; fileRef = 822B910428351BBB00A4BAFE /* Assets.xcassets */; };
		822B910828351BBB00A4BAFE /* LaunchScreen.storyboard in Resources */ = {isa = PBXBuildFile; fileRef = 822B910628351BBB00A4BAFE /* LaunchScreen.storyboard */; };
		822B911328351BBB00A4BAFE /* AlkemyChallenge_MovieDBTests.swift in Sources */ = {isa = PBXBuildFile; fileRef = 822B911228351BBB00A4BAFE /* AlkemyChallenge_MovieDBTests.swift */; };
		822B911D28351BBB00A4BAFE /* AlkemyChallenge_MovieDBUITests.swift in Sources */ = {isa = PBXBuildFile; fileRef = 822B911C28351BBB00A4BAFE /* AlkemyChallenge_MovieDBUITests.swift */; };
		822B911F28351BBB00A4BAFE /* AlkemyChallenge_MovieDBUITestsLaunchTests.swift in Sources */ = {isa = PBXBuildFile; fileRef = 822B911E28351BBB00A4BAFE /* AlkemyChallenge_MovieDBUITestsLaunchTests.swift */; };
/* End PBXBuildFile section */

/* Begin PBXContainerItemProxy section */
		822B910F28351BBB00A4BAFE /* PBXContainerItemProxy */ = {
			isa = PBXContainerItemProxy;
			containerPortal = 822B90F028351BB900A4BAFE /* Project object */;
			proxyType = 1;
			remoteGlobalIDString = 822B90F728351BB900A4BAFE;
			remoteInfo = "AlkemyChallenge-MovieDB";
		};
		822B911928351BBB00A4BAFE /* PBXContainerItemProxy */ = {
			isa = PBXContainerItemProxy;
			containerPortal = 822B90F028351BB900A4BAFE /* Project object */;
			proxyType = 1;
			remoteGlobalIDString = 822B90F728351BB900A4BAFE;
			remoteInfo = "AlkemyChallenge-MovieDB";
		};
/* End PBXContainerItemProxy section */

/* Begin PBXFileReference section */
		822B90F828351BB900A4BAFE /* AlkemyChallenge-MovieDB.app */ = {isa = PBXFileReference; explicitFileType = wrapper.application; includeInIndex = 0; path = "AlkemyChallenge-MovieDB.app"; sourceTree = BUILT_PRODUCTS_DIR; };
		822B90FB28351BB900A4BAFE /* AppDelegate.swift */ = {isa = PBXFileReference; lastKnownFileType = sourcecode.swift; path = AppDelegate.swift; sourceTree = "<group>"; };
		822B90FD28351BB900A4BAFE /* SceneDelegate.swift */ = {isa = PBXFileReference; lastKnownFileType = sourcecode.swift; path = SceneDelegate.swift; sourceTree = "<group>"; };
		822B90FF28351BB900A4BAFE /* ViewController.swift */ = {isa = PBXFileReference; lastKnownFileType = sourcecode.swift; path = ViewController.swift; sourceTree = "<group>"; };
		822B910228351BB900A4BAFE /* Base */ = {isa = PBXFileReference; lastKnownFileType = file.storyboard; name = Base; path = Base.lproj/Main.storyboard; sourceTree = "<group>"; };
		822B910428351BBB00A4BAFE /* Assets.xcassets */ = {isa = PBXFileReference; lastKnownFileType = folder.assetcatalog; path = Assets.xcassets; sourceTree = "<group>"; };
		822B910728351BBB00A4BAFE /* Base */ = {isa = PBXFileReference; lastKnownFileType = file.storyboard; name = Base; path = Base.lproj/LaunchScreen.storyboard; sourceTree = "<group>"; };
		822B910928351BBB00A4BAFE /* Info.plist */ = {isa = PBXFileReference; lastKnownFileType = text.plist.xml; path = Info.plist; sourceTree = "<group>"; };
		822B910E28351BBB00A4BAFE /* AlkemyChallenge-MovieDBTests.xctest */ = {isa = PBXFileReference; explicitFileType = wrapper.cfbundle; includeInIndex = 0; path = "AlkemyChallenge-MovieDBTests.xctest"; sourceTree = BUILT_PRODUCTS_DIR; };
		822B911228351BBB00A4BAFE /* AlkemyChallenge_MovieDBTests.swift */ = {isa = PBXFileReference; lastKnownFileType = sourcecode.swift; path = AlkemyChallenge_MovieDBTests.swift; sourceTree = "<group>"; };
		822B911828351BBB00A4BAFE /* AlkemyChallenge-MovieDBUITests.xctest */ = {isa = PBXFileReference; explicitFileType = wrapper.cfbundle; includeInIndex = 0; path = "AlkemyChallenge-MovieDBUITests.xctest"; sourceTree = BUILT_PRODUCTS_DIR; };
		822B911C28351BBB00A4BAFE /* AlkemyChallenge_MovieDBUITests.swift */ = {isa = PBXFileReference; lastKnownFileType = sourcecode.swift; path = AlkemyChallenge_MovieDBUITests.swift; sourceTree = "<group>"; };
		822B911E28351BBB00A4BAFE /* AlkemyChallenge_MovieDBUITestsLaunchTests.swift */ = {isa = PBXFileReference; lastKnownFileType = sourcecode.swift; path = AlkemyChallenge_MovieDBUITestsLaunchTests.swift; sourceTree = "<group>"; };
/* End PBXFileReference section */

/* Begin PBXFrameworksBuildPhase section */
		822B90F528351BB900A4BAFE /* Frameworks */ = {
			isa = PBXFrameworksBuildPhase;
			buildActionMask = 2147483647;
			files = (
			);
			runOnlyForDeploymentPostprocessing = 0;
		};
		822B910B28351BBB00A4BAFE /* Frameworks */ = {
			isa = PBXFrameworksBuildPhase;
			buildActionMask = 2147483647;
			files = (
			);
			runOnlyForDeploymentPostprocessing = 0;
		};
		822B911528351BBB00A4BAFE /* Frameworks */ = {
			isa = PBXFrameworksBuildPhase;
			buildActionMask = 2147483647;
			files = (
			);
			runOnlyForDeploymentPostprocessing = 0;
		};
/* End PBXFrameworksBuildPhase section */

/* Begin PBXGroup section */
		822B90EF28351BB900A4BAFE = {
			isa = PBXGroup;
			children = (
				822B90FA28351BB900A4BAFE /* AlkemyChallenge-MovieDB */,
				822B911128351BBB00A4BAFE /* AlkemyChallenge-MovieDBTests */,
				822B911B28351BBB00A4BAFE /* AlkemyChallenge-MovieDBUITests */,
				822B90F928351BB900A4BAFE /* Products */,
			);
			sourceTree = "<group>";
		};
		822B90F928351BB900A4BAFE /* Products */ = {
			isa = PBXGroup;
			children = (
				822B90F828351BB900A4BAFE /* AlkemyChallenge-MovieDB.app */,
				822B910E28351BBB00A4BAFE /* AlkemyChallenge-MovieDBTests.xctest */,
				822B911828351BBB00A4BAFE /* AlkemyChallenge-MovieDBUITests.xctest */,
			);
			name = Products;
			sourceTree = "<group>";
		};
		822B90FA28351BB900A4BAFE /* AlkemyChallenge-MovieDB */ = {
			isa = PBXGroup;
			children = (
				822B90FB28351BB900A4BAFE /* AppDelegate.swift */,
				822B90FD28351BB900A4BAFE /* SceneDelegate.swift */,
				822B90FF28351BB900A4BAFE /* ViewController.swift */,
				822B910128351BB900A4BAFE /* Main.storyboard */,
				822B910428351BBB00A4BAFE /* Assets.xcassets */,
				822B910628351BBB00A4BAFE /* LaunchScreen.storyboard */,
				822B910928351BBB00A4BAFE /* Info.plist */,
			);
			path = "AlkemyChallenge-MovieDB";
			sourceTree = "<group>";
		};
		822B911128351BBB00A4BAFE /* AlkemyChallenge-MovieDBTests */ = {
			isa = PBXGroup;
			children = (
				822B911228351BBB00A4BAFE /* AlkemyChallenge_MovieDBTests.swift */,
			);
			path = "AlkemyChallenge-MovieDBTests";
			sourceTree = "<group>";
		};
		822B911B28351BBB00A4BAFE /* AlkemyChallenge-MovieDBUITests */ = {
			isa = PBXGroup;
			children = (
				822B911C28351BBB00A4BAFE /* AlkemyChallenge_MovieDBUITests.swift */,
				822B911E28351BBB00A4BAFE /* AlkemyChallenge_MovieDBUITestsLaunchTests.swift */,
			);
			path = "AlkemyChallenge-MovieDBUITests";
			sourceTree = "<group>";
		};
/* End PBXGroup section */

/* Begin PBXNativeTarget section */
		822B90F728351BB900A4BAFE /* AlkemyChallenge-MovieDB */ = {
			isa = PBXNativeTarget;
			buildConfigurationList = 822B912228351BBB00A4BAFE /* Build configuration list for PBXNativeTarget "AlkemyChallenge-MovieDB" */;
			buildPhases = (
				822B90F428351BB900A4BAFE /* Sources */,
				822B90F528351BB900A4BAFE /* Frameworks */,
				822B90F628351BB900A4BAFE /* Resources */,
			);
			buildRules = (
			);
			dependencies = (
			);
			name = "AlkemyChallenge-MovieDB";
			productName = "AlkemyChallenge-MovieDB";
			productReference = 822B90F828351BB900A4BAFE /* AlkemyChallenge-MovieDB.app */;
			productType = "com.apple.product-type.application";
		};
		822B910D28351BBB00A4BAFE /* AlkemyChallenge-MovieDBTests */ = {
			isa = PBXNativeTarget;
			buildConfigurationList = 822B912528351BBB00A4BAFE /* Build configuration list for PBXNativeTarget "AlkemyChallenge-MovieDBTests" */;
			buildPhases = (
				822B910A28351BBB00A4BAFE /* Sources */,
				822B910B28351BBB00A4BAFE /* Frameworks */,
				822B910C28351BBB00A4BAFE /* Resources */,
			);
			buildRules = (
			);
			dependencies = (
				822B911028351BBB00A4BAFE /* PBXTargetDependency */,
			);
			name = "AlkemyChallenge-MovieDBTests";
			productName = "AlkemyChallenge-MovieDBTests";
			productReference = 822B910E28351BBB00A4BAFE /* AlkemyChallenge-MovieDBTests.xctest */;
			productType = "com.apple.product-type.bundle.unit-test";
		};
		822B911728351BBB00A4BAFE /* AlkemyChallenge-MovieDBUITests */ = {
			isa = PBXNativeTarget;
			buildConfigurationList = 822B912828351BBB00A4BAFE /* Build configuration list for PBXNativeTarget "AlkemyChallenge-MovieDBUITests" */;
			buildPhases = (
				822B911428351BBB00A4BAFE /* Sources */,
				822B911528351BBB00A4BAFE /* Frameworks */,
				822B911628351BBB00A4BAFE /* Resources */,
			);
			buildRules = (
			);
			dependencies = (
				822B911A28351BBB00A4BAFE /* PBXTargetDependency */,
			);
			name = "AlkemyChallenge-MovieDBUITests";
			productName = "AlkemyChallenge-MovieDBUITests";
			productReference = 822B911828351BBB00A4BAFE /* AlkemyChallenge-MovieDBUITests.xctest */;
			productType = "com.apple.product-type.bundle.ui-testing";
		};
/* End PBXNativeTarget section */

/* Begin PBXProject section */
		822B90F028351BB900A4BAFE /* Project object */ = {
			isa = PBXProject;
			attributes = {
				BuildIndependentTargetsInParallel = 1;
				LastSwiftUpdateCheck = 1320;
				LastUpgradeCheck = 1320;
				TargetAttributes = {
					822B90F728351BB900A4BAFE = {
						CreatedOnToolsVersion = 13.2.1;
					};
					822B910D28351BBB00A4BAFE = {
						CreatedOnToolsVersion = 13.2.1;
						TestTargetID = 822B90F728351BB900A4BAFE;
					};
					822B911728351BBB00A4BAFE = {
						CreatedOnToolsVersion = 13.2.1;
						TestTargetID = 822B90F728351BB900A4BAFE;
					};
				};
			};
			buildConfigurationList = 822B90F328351BB900A4BAFE /* Build configuration list for PBXProject "AlkemyChallenge-MovieDB" */;
			compatibilityVersion = "Xcode 13.0";
			developmentRegion = en;
			hasScannedForEncodings = 0;
			knownRegions = (
				en,
				Base,
			);
			mainGroup = 822B90EF28351BB900A4BAFE;
			productRefGroup = 822B90F928351BB900A4BAFE /* Products */;
			projectDirPath = "";
			projectRoot = "";
			targets = (
				822B90F728351BB900A4BAFE /* AlkemyChallenge-MovieDB */,
				822B910D28351BBB00A4BAFE /* AlkemyChallenge-MovieDBTests */,
				822B911728351BBB00A4BAFE /* AlkemyChallenge-MovieDBUITests */,
			);
		};
/* End PBXProject section */

/* Begin PBXResourcesBuildPhase section */
		822B90F628351BB900A4BAFE /* Resources */ = {
			isa = PBXResourcesBuildPhase;
			buildActionMask = 2147483647;
			files = (
				822B910828351BBB00A4BAFE /* LaunchScreen.storyboard in Resources */,
				822B910528351BBB00A4BAFE /* Assets.xcassets in Resources */,
				822B910328351BB900A4BAFE /* Main.storyboard in Resources */,
			);
			runOnlyForDeploymentPostprocessing = 0;
		};
		822B910C28351BBB00A4BAFE /* Resources */ = {
			isa = PBXResourcesBuildPhase;
			buildActionMask = 2147483647;
			files = (
			);
			runOnlyForDeploymentPostprocessing = 0;
		};
		822B911628351BBB00A4BAFE /* Resources */ = {
			isa = PBXResourcesBuildPhase;
			buildActionMask = 2147483647;
			files = (
			);
			runOnlyForDeploymentPostprocessing = 0;
		};
/* End PBXResourcesBuildPhase section */

/* Begin PBXSourcesBuildPhase section */
		822B90F428351BB900A4BAFE /* Sources */ = {
			isa = PBXSourcesBuildPhase;
			buildActionMask = 2147483647;
			files = (
				822B910028351BB900A4BAFE /* ViewController.swift in Sources */,
				822B90FC28351BB900A4BAFE /* AppDelegate.swift in Sources */,
				822B90FE28351BB900A4BAFE /* SceneDelegate.swift in Sources */,
			);
			runOnlyForDeploymentPostprocessing = 0;
		};
		822B910A28351BBB00A4BAFE /* Sources */ = {
			isa = PBXSourcesBuildPhase;
			buildActionMask = 2147483647;
			files = (
				822B911328351BBB00A4BAFE /* AlkemyChallenge_MovieDBTests.swift in Sources */,
			);
			runOnlyForDeploymentPostprocessing = 0;
		};
		822B911428351BBB00A4BAFE /* Sources */ = {
			isa = PBXSourcesBuildPhase;
			buildActionMask = 2147483647;
			files = (
				822B911F28351BBB00A4BAFE /* AlkemyChallenge_MovieDBUITestsLaunchTests.swift in Sources */,
				822B911D28351BBB00A4BAFE /* AlkemyChallenge_MovieDBUITests.swift in Sources */,
			);
			runOnlyForDeploymentPostprocessing = 0;
		};
/* End PBXSourcesBuildPhase section */

/* Begin PBXTargetDependency section */
		822B911028351BBB00A4BAFE /* PBXTargetDependency */ = {
			isa = PBXTargetDependency;
			target = 822B90F728351BB900A4BAFE /* AlkemyChallenge-MovieDB */;
			targetProxy = 822B910F28351BBB00A4BAFE /* PBXContainerItemProxy */;
		};
		822B911A28351BBB00A4BAFE /* PBXTargetDependency */ = {
			isa = PBXTargetDependency;
			target = 822B90F728351BB900A4BAFE /* AlkemyChallenge-MovieDB */;
			targetProxy = 822B911928351BBB00A4BAFE /* PBXContainerItemProxy */;
		};
/* End PBXTargetDependency section */

/* Begin PBXVariantGroup section */
		822B910128351BB900A4BAFE /* Main.storyboard */ = {
			isa = PBXVariantGroup;
			children = (
				822B910228351BB900A4BAFE /* Base */,
			);
			name = Main.storyboard;
			sourceTree = "<group>";
		};
		822B910628351BBB00A4BAFE /* LaunchScreen.storyboard */ = {
			isa = PBXVariantGroup;
			children = (
				822B910728351BBB00A4BAFE /* Base */,
			);
			name = LaunchScreen.storyboard;
			sourceTree = "<group>";
		};
/* End PBXVariantGroup section */

/* Begin XCBuildConfiguration section */
		822B912028351BBB00A4BAFE /* Debug */ = {
			isa = XCBuildConfiguration;
			buildSettings = {
				ALWAYS_SEARCH_USER_PATHS = NO;
				CLANG_ANALYZER_NONNULL = YES;
				CLANG_ANALYZER_NUMBER_OBJECT_CONVERSION = YES_AGGRESSIVE;
				CLANG_CXX_LANGUAGE_STANDARD = "gnu++17";
				CLANG_CXX_LIBRARY = "libc++";
				CLANG_ENABLE_MODULES = YES;
				CLANG_ENABLE_OBJC_ARC = YES;
				CLANG_ENABLE_OBJC_WEAK = YES;
				CLANG_WARN_BLOCK_CAPTURE_AUTORELEASING = YES;
				CLANG_WARN_BOOL_CONVERSION = YES;
				CLANG_WARN_COMMA = YES;
				CLANG_WARN_CONSTANT_CONVERSION = YES;
				CLANG_WARN_DEPRECATED_OBJC_IMPLEMENTATIONS = YES;
				CLANG_WARN_DIRECT_OBJC_ISA_USAGE = YES_ERROR;
				CLANG_WARN_DOCUMENTATION_COMMENTS = YES;
				CLANG_WARN_EMPTY_BODY = YES;
				CLANG_WARN_ENUM_CONVERSION = YES;
				CLANG_WARN_INFINITE_RECURSION = YES;
				CLANG_WARN_INT_CONVERSION = YES;
				CLANG_WARN_NON_LITERAL_NULL_CONVERSION = YES;
				CLANG_WARN_OBJC_IMPLICIT_RETAIN_SELF = YES;
				CLANG_WARN_OBJC_LITERAL_CONVERSION = YES;
				CLANG_WARN_OBJC_ROOT_CLASS = YES_ERROR;
				CLANG_WARN_QUOTED_INCLUDE_IN_FRAMEWORK_HEADER = YES;
				CLANG_WARN_RANGE_LOOP_ANALYSIS = YES;
				CLANG_WARN_STRICT_PROTOTYPES = YES;
				CLANG_WARN_SUSPICIOUS_MOVE = YES;
				CLANG_WARN_UNGUARDED_AVAILABILITY = YES_AGGRESSIVE;
				CLANG_WARN_UNREACHABLE_CODE = YES;
				CLANG_WARN__DUPLICATE_METHOD_MATCH = YES;
				COPY_PHASE_STRIP = NO;
				DEBUG_INFORMATION_FORMAT = dwarf;
				ENABLE_STRICT_OBJC_MSGSEND = YES;
				ENABLE_TESTABILITY = YES;
				GCC_C_LANGUAGE_STANDARD = gnu11;
				GCC_DYNAMIC_NO_PIC = NO;
				GCC_NO_COMMON_BLOCKS = YES;
				GCC_OPTIMIZATION_LEVEL = 0;
				GCC_PREPROCESSOR_DEFINITIONS = (
					"DEBUG=1",
					"$(inherited)",
				);
				GCC_WARN_64_TO_32_BIT_CONVERSION = YES;
				GCC_WARN_ABOUT_RETURN_TYPE = YES_ERROR;
				GCC_WARN_UNDECLARED_SELECTOR = YES;
				GCC_WARN_UNINITIALIZED_AUTOS = YES_AGGRESSIVE;
				GCC_WARN_UNUSED_FUNCTION = YES;
				GCC_WARN_UNUSED_VARIABLE = YES;
				IPHONEOS_DEPLOYMENT_TARGET = 15.2;
				MTL_ENABLE_DEBUG_INFO = INCLUDE_SOURCE;
				MTL_FAST_MATH = YES;
				ONLY_ACTIVE_ARCH = YES;
				SDKROOT = iphoneos;
				SWIFT_ACTIVE_COMPILATION_CONDITIONS = DEBUG;
				SWIFT_OPTIMIZATION_LEVEL = "-Onone";
			};
			name = Debug;
		};
		822B912128351BBB00A4BAFE /* Release */ = {
			isa = XCBuildConfiguration;
			buildSettings = {
				ALWAYS_SEARCH_USER_PATHS = NO;
				CLANG_ANALYZER_NONNULL = YES;
				CLANG_ANALYZER_NUMBER_OBJECT_CONVERSION = YES_AGGRESSIVE;
				CLANG_CXX_LANGUAGE_STANDARD = "gnu++17";
				CLANG_CXX_LIBRARY = "libc++";
				CLANG_ENABLE_MODULES = YES;
				CLANG_ENABLE_OBJC_ARC = YES;
				CLANG_ENABLE_OBJC_WEAK = YES;
				CLANG_WARN_BLOCK_CAPTURE_AUTORELEASING = YES;
				CLANG_WARN_BOOL_CONVERSION = YES;
				CLANG_WARN_COMMA = YES;
				CLANG_WARN_CONSTANT_CONVERSION = YES;
				CLANG_WARN_DEPRECATED_OBJC_IMPLEMENTATIONS = YES;
				CLANG_WARN_DIRECT_OBJC_ISA_USAGE = YES_ERROR;
				CLANG_WARN_DOCUMENTATION_COMMENTS = YES;
				CLANG_WARN_EMPTY_BODY = YES;
				CLANG_WARN_ENUM_CONVERSION = YES;
				CLANG_WARN_INFINITE_RECURSION = YES;
				CLANG_WARN_INT_CONVERSION = YES;
				CLANG_WARN_NON_LITERAL_NULL_CONVERSION = YES;
				CLANG_WARN_OBJC_IMPLICIT_RETAIN_SELF = YES;
				CLANG_WARN_OBJC_LITERAL_CONVERSION = YES;
				CLANG_WARN_OBJC_ROOT_CLASS = YES_ERROR;
				CLANG_WARN_QUOTED_INCLUDE_IN_FRAMEWORK_HEADER = YES;
				CLANG_WARN_RANGE_LOOP_ANALYSIS = YES;
				CLANG_WARN_STRICT_PROTOTYPES = YES;
				CLANG_WARN_SUSPICIOUS_MOVE = YES;
				CLANG_WARN_UNGUARDED_AVAILABILITY = YES_AGGRESSIVE;
				CLANG_WARN_UNREACHABLE_CODE = YES;
				CLANG_WARN__DUPLICATE_METHOD_MATCH = YES;
				COPY_PHASE_STRIP = NO;
				DEBUG_INFORMATION_FORMAT = "dwarf-with-dsym";
				ENABLE_NS_ASSERTIONS = NO;
				ENABLE_STRICT_OBJC_MSGSEND = YES;
				GCC_C_LANGUAGE_STANDARD = gnu11;
				GCC_NO_COMMON_BLOCKS = YES;
				GCC_WARN_64_TO_32_BIT_CONVERSION = YES;
				GCC_WARN_ABOUT_RETURN_TYPE = YES_ERROR;
				GCC_WARN_UNDECLARED_SELECTOR = YES;
				GCC_WARN_UNINITIALIZED_AUTOS = YES_AGGRESSIVE;
				GCC_WARN_UNUSED_FUNCTION = YES;
				GCC_WARN_UNUSED_VARIABLE = YES;
				IPHONEOS_DEPLOYMENT_TARGET = 15.2;
				MTL_ENABLE_DEBUG_INFO = NO;
				MTL_FAST_MATH = YES;
				SDKROOT = iphoneos;
				SWIFT_COMPILATION_MODE = wholemodule;
				SWIFT_OPTIMIZATION_LEVEL = "-O";
				VALIDATE_PRODUCT = YES;
			};
			name = Release;
		};
		822B912328351BBB00A4BAFE /* Debug */ = {
			isa = XCBuildConfiguration;
			buildSettings = {
				ASSETCATALOG_COMPILER_APPICON_NAME = AppIcon;
				ASSETCATALOG_COMPILER_GLOBAL_ACCENT_COLOR_NAME = AccentColor;
				CODE_SIGN_STYLE = Automatic;
				CURRENT_PROJECT_VERSION = 1;
				DEVELOPMENT_TEAM = AHB3RD5RD3;
				GENERATE_INFOPLIST_FILE = YES;
				INFOPLIST_FILE = "AlkemyChallenge-MovieDB/Info.plist";
				INFOPLIST_KEY_UIApplicationSupportsIndirectInputEvents = YES;
				INFOPLIST_KEY_UILaunchStoryboardName = LaunchScreen;
				INFOPLIST_KEY_UIMainStoryboardFile = Main;
				INFOPLIST_KEY_UISupportedInterfaceOrientations_iPad = "UIInterfaceOrientationPortrait UIInterfaceOrientationPortraitUpsideDown UIInterfaceOrientationLandscapeLeft UIInterfaceOrientationLandscapeRight";
				INFOPLIST_KEY_UISupportedInterfaceOrientations_iPhone = "UIInterfaceOrientationPortrait UIInterfaceOrientationLandscapeLeft UIInterfaceOrientationLandscapeRight";
				LD_RUNPATH_SEARCH_PATHS = (
					"$(inherited)",
					"@executable_path/Frameworks",
				);
				MARKETING_VERSION = 1.0;
				PRODUCT_BUNDLE_IDENTIFIER = "jmalefranch.AlkemyChallenge-MovieDB";
				PRODUCT_NAME = "$(TARGET_NAME)";
				SWIFT_EMIT_LOC_STRINGS = YES;
				SWIFT_VERSION = 5.0;
				TARGETED_DEVICE_FAMILY = "1,2";
			};
			name = Debug;
		};
		822B912428351BBB00A4BAFE /* Release */ = {
			isa = XCBuildConfiguration;
			buildSettings = {
				ASSETCATALOG_COMPILER_APPICON_NAME = AppIcon;
				ASSETCATALOG_COMPILER_GLOBAL_ACCENT_COLOR_NAME = AccentColor;
				CODE_SIGN_STYLE = Automatic;
				CURRENT_PROJECT_VERSION = 1;
				DEVELOPMENT_TEAM = AHB3RD5RD3;
				GENERATE_INFOPLIST_FILE = YES;
				INFOPLIST_FILE = "AlkemyChallenge-MovieDB/Info.plist";
				INFOPLIST_KEY_UIApplicationSupportsIndirectInputEvents = YES;
				INFOPLIST_KEY_UILaunchStoryboardName = LaunchScreen;
				INFOPLIST_KEY_UIMainStoryboardFile = Main;
				INFOPLIST_KEY_UISupportedInterfaceOrientations_iPad = "UIInterfaceOrientationPortrait UIInterfaceOrientationPortraitUpsideDown UIInterfaceOrientationLandscapeLeft UIInterfaceOrientationLandscapeRight";
				INFOPLIST_KEY_UISupportedInterfaceOrientations_iPhone = "UIInterfaceOrientationPortrait UIInterfaceOrientationLandscapeLeft UIInterfaceOrientationLandscapeRight";
				LD_RUNPATH_SEARCH_PATHS = (
					"$(inherited)",
					"@executable_path/Frameworks",
				);
				MARKETING_VERSION = 1.0;
				PRODUCT_BUNDLE_IDENTIFIER = "jmalefranch.AlkemyChallenge-MovieDB";
				PRODUCT_NAME = "$(TARGET_NAME)";
				SWIFT_EMIT_LOC_STRINGS = YES;
				SWIFT_VERSION = 5.0;
				TARGETED_DEVICE_FAMILY = "1,2";
			};
			name = Release;
		};
		822B912628351BBB00A4BAFE /* Debug */ = {
			isa = XCBuildConfiguration;
			buildSettings = {
				ALWAYS_EMBED_SWIFT_STANDARD_LIBRARIES = YES;
				BUNDLE_LOADER = "$(TEST_HOST)";
				CODE_SIGN_STYLE = Automatic;
				CURRENT_PROJECT_VERSION = 1;
				DEVELOPMENT_TEAM = AHB3RD5RD3;
				GENERATE_INFOPLIST_FILE = YES;
				IPHONEOS_DEPLOYMENT_TARGET = 15.2;
				MARKETING_VERSION = 1.0;
				PRODUCT_BUNDLE_IDENTIFIER = "jmalefranch.AlkemyChallenge-MovieDBTests";
				PRODUCT_NAME = "$(TARGET_NAME)";
				SWIFT_EMIT_LOC_STRINGS = NO;
				SWIFT_VERSION = 5.0;
				TARGETED_DEVICE_FAMILY = "1,2";
				TEST_HOST = "$(BUILT_PRODUCTS_DIR)/AlkemyChallenge-MovieDB.app/AlkemyChallenge-MovieDB";
			};
			name = Debug;
		};
		822B912728351BBB00A4BAFE /* Release */ = {
			isa = XCBuildConfiguration;
			buildSettings = {
				ALWAYS_EMBED_SWIFT_STANDARD_LIBRARIES = YES;
				BUNDLE_LOADER = "$(TEST_HOST)";
				CODE_SIGN_STYLE = Automatic;
				CURRENT_PROJECT_VERSION = 1;
				DEVELOPMENT_TEAM = AHB3RD5RD3;
				GENERATE_INFOPLIST_FILE = YES;
				IPHONEOS_DEPLOYMENT_TARGET = 15.2;
				MARKETING_VERSION = 1.0;
				PRODUCT_BUNDLE_IDENTIFIER = "jmalefranch.AlkemyChallenge-MovieDBTests";
				PRODUCT_NAME = "$(TARGET_NAME)";
				SWIFT_EMIT_LOC_STRINGS = NO;
				SWIFT_VERSION = 5.0;
				TARGETED_DEVICE_FAMILY = "1,2";
				TEST_HOST = "$(BUILT_PRODUCTS_DIR)/AlkemyChallenge-MovieDB.app/AlkemyChallenge-MovieDB";
			};
			name = Release;
		};
		822B912928351BBB00A4BAFE /* Debug */ = {
			isa = XCBuildConfiguration;
			buildSettings = {
				ALWAYS_EMBED_SWIFT_STANDARD_LIBRARIES = YES;
				CODE_SIGN_STYLE = Automatic;
				CURRENT_PROJECT_VERSION = 1;
				DEVELOPMENT_TEAM = AHB3RD5RD3;
				GENERATE_INFOPLIST_FILE = YES;
				MARKETING_VERSION = 1.0;
				PRODUCT_BUNDLE_IDENTIFIER = "jmalefranch.AlkemyChallenge-MovieDBUITests";
				PRODUCT_NAME = "$(TARGET_NAME)";
				SWIFT_EMIT_LOC_STRINGS = NO;
				SWIFT_VERSION = 5.0;
				TARGETED_DEVICE_FAMILY = "1,2";
				TEST_TARGET_NAME = "AlkemyChallenge-MovieDB";
			};
			name = Debug;
		};
		822B912A28351BBB00A4BAFE /* Release */ = {
			isa = XCBuildConfiguration;
			buildSettings = {
				ALWAYS_EMBED_SWIFT_STANDARD_LIBRARIES = YES;
				CODE_SIGN_STYLE = Automatic;
				CURRENT_PROJECT_VERSION = 1;
				DEVELOPMENT_TEAM = AHB3RD5RD3;
				GENERATE_INFOPLIST_FILE = YES;
				MARKETING_VERSION = 1.0;
				PRODUCT_BUNDLE_IDENTIFIER = "jmalefranch.AlkemyChallenge-MovieDBUITests";
				PRODUCT_NAME = "$(TARGET_NAME)";
				SWIFT_EMIT_LOC_STRINGS = NO;
				SWIFT_VERSION = 5.0;
				TARGETED_DEVICE_FAMILY = "1,2";
				TEST_TARGET_NAME = "AlkemyChallenge-MovieDB";
			};
			name = Release;
		};
/* End XCBuildConfiguration section */

/* Begin XCConfigurationList section */
		822B90F328351BB900A4BAFE /* Build configuration list for PBXProject "AlkemyChallenge-MovieDB" */ = {
			isa = XCConfigurationList;
			buildConfigurations = (
				822B912028351BBB00A4BAFE /* Debug */,
				822B912128351BBB00A4BAFE /* Release */,
			);
			defaultConfigurationIsVisible = 0;
			defaultConfigurationName = Release;
		};
		822B912228351BBB00A4BAFE /* Build configuration list for PBXNativeTarget "AlkemyChallenge-MovieDB" */ = {
			isa = XCConfigurationList;
			buildConfigurations = (
				822B912328351BBB00A4BAFE /* Debug */,
				822B912428351BBB00A4BAFE /* Release */,
			);
			defaultConfigurationIsVisible = 0;
			defaultConfigurationName = Release;
		};
		822B912528351BBB00A4BAFE /* Build configuration list for PBXNativeTarget "AlkemyChallenge-MovieDBTests" */ = {
			isa = XCConfigurationList;
			buildConfigurations = (
				822B912628351BBB00A4BAFE /* Debug */,
				822B912728351BBB00A4BAFE /* Release */,
			);
			defaultConfigurationIsVisible = 0;
			defaultConfigurationName = Release;
		};
		822B912828351BBB00A4BAFE /* Build configuration list for PBXNativeTarget "AlkemyChallenge-MovieDBUITests" */ = {
			isa = XCConfigurationList;
			buildConfigurations = (
				822B912928351BBB00A4BAFE /* Debug */,
				822B912A28351BBB00A4BAFE /* Release */,
			);
			defaultConfigurationIsVisible = 0;
			defaultConfigurationName = Release;
		};
/* End XCConfigurationList section */
	};
	rootObject = 822B90F028351BB900A4BAFE /* Project object */;
}
